
Microsoft Visual Studio Solution File, Format Version 12.00
# Visual Studio Version 16
VisualStudioVersion = 16.0.30907.101
MinimumVisualStudioVersion = 10.0.40219.1
Project("{2150E333-8FDC-42A3-9474-1A3956D46DE8}") = "01-Application", "01-Application", "{0ED9DCFF-6590-4B9E-B419-960AA80064ED}"
EndProject
Project("{2150E333-8FDC-42A3-9474-1A3956D46DE8}") = "02-Business", "02-Business", "{903C1E3E-4DD9-4F66-A0EF-BAD894FB70A2}"
EndProject
Project("{2150E333-8FDC-42A3-9474-1A3956D46DE8}") = "03-Abstraction", "03-Abstraction", "{AFFE33FF-5FE0-489A-8312-08E443866E77}"
EndProject
Global
	GlobalSection(SolutionProperties) = preSolution
		HideSolutionNode = FALSE
	EndGlobalSection
	GlobalSection(ExtensibilityGlobals) = postSolution
		SolutionGuid = {45B967EA-7B55-4D3C-82D7-9D2FF7F1C0B4}
	EndGlobalSection
EndGlobal
